
Microsoft Visual Studio Solution File, Format Version 12.00
# Visual Studio Version 17
VisualStudioVersion = 17.0.31903.59
MinimumVisualStudioVersion = 10.0.40219.1
Project("{FAE04EC0-301F-11D3-BF4B-00C04F79EFBC}") = "API", "API\API.csproj", "{920AC2EF-88BC-4578-8F3A-C92ABC57B397}"
EndProject
Project("{FAE04EC0-301F-11D3-BF4B-00C04F79EFBC}") = "Application", "Application\Application.csproj", "{CE98D223-8508-4D3C-A554-AA10D8D75681}"
EndProject
Project("{FAE04EC0-301F-11D3-BF4B-00C04F79EFBC}") = "Domain", "Domain\Domain.csproj", "{354153BF-3CE9-4417-BDA4-D331C8D26676}"
EndProject
Project("{FAE04EC0-301F-11D3-BF4B-00C04F79EFBC}") = "Persistence", "Persistence\Persistence.csproj", "{2F44BE04-8569-4DFC-AF08-309A2D47D5B8}"
EndProject
Global
	GlobalSection(SolutionConfigurationPlatforms) = preSolution
		Debug|Any CPU = Debug|Any CPU
		Debug|x64 = Debug|x64
		Debug|x86 = Debug|x86
		Release|Any CPU = Release|Any CPU
		Release|x64 = Release|x64
		Release|x86 = Release|x86
	EndGlobalSection
	GlobalSection(ProjectConfigurationPlatforms) = postSolution
		{920AC2EF-88BC-4578-8F3A-C92ABC57B397}.Debug|Any CPU.ActiveCfg = Debug|Any CPU
		{920AC2EF-88BC-4578-8F3A-C92ABC57B397}.Debug|Any CPU.Build.0 = Debug|Any CPU
		{920AC2EF-88BC-4578-8F3A-C92ABC57B397}.Debug|x64.ActiveCfg = Debug|Any CPU
		{920AC2EF-88BC-4578-8F3A-C92ABC57B397}.Debug|x64.Build.0 = Debug|Any CPU
		{920AC2EF-88BC-4578-8F3A-C92ABC57B397}.Debug|x86.ActiveCfg = Debug|Any CPU
		{920AC2EF-88BC-4578-8F3A-C92ABC57B397}.Debug|x86.Build.0 = Debug|Any CPU
		{920AC2EF-88BC-4578-8F3A-C92ABC57B397}.Release|Any CPU.ActiveCfg = Release|Any CPU
		{920AC2EF-88BC-4578-8F3A-C92ABC57B397}.Release|Any CPU.Build.0 = Release|Any CPU
		{920AC2EF-88BC-4578-8F3A-C92ABC57B397}.Release|x64.ActiveCfg = Release|Any CPU
		{920AC2EF-88BC-4578-8F3A-C92ABC57B397}.Release|x64.Build.0 = Release|Any CPU
		{920AC2EF-88BC-4578-8F3A-C92ABC57B397}.Release|x86.ActiveCfg = Release|Any CPU
		{920AC2EF-88BC-4578-8F3A-C92ABC57B397}.Release|x86.Build.0 = Release|Any CPU
		{CE98D223-8508-4D3C-A554-AA10D8D75681}.Debug|Any CPU.ActiveCfg = Debug|Any CPU
		{CE98D223-8508-4D3C-A554-AA10D8D75681}.Debug|Any CPU.Build.0 = Debug|Any CPU
		{CE98D223-8508-4D3C-A554-AA10D8D75681}.Debug|x64.ActiveCfg = Debug|Any CPU
		{CE98D223-8508-4D3C-A554-AA10D8D75681}.Debug|x64.Build.0 = Debug|Any CPU
		{CE98D223-8508-4D3C-A554-AA10D8D75681}.Debug|x86.ActiveCfg = Debug|Any CPU
		{CE98D223-8508-4D3C-A554-AA10D8D75681}.Debug|x86.Build.0 = Debug|Any CPU
		{CE98D223-8508-4D3C-A554-AA10D8D75681}.Release|Any CPU.ActiveCfg = Release|Any CPU
		{CE98D223-8508-4D3C-A554-AA10D8D75681}.Release|Any CPU.Build.0 = Release|Any CPU
		{CE98D223-8508-4D3C-A554-AA10D8D75681}.Release|x64.ActiveCfg = Release|Any CPU
		{CE98D223-8508-4D3C-A554-AA10D8D75681}.Release|x64.Build.0 = Release|Any CPU
		{CE98D223-8508-4D3C-A554-AA10D8D75681}.Release|x86.ActiveCfg = Release|Any CPU
		{CE98D223-8508-4D3C-A554-AA10D8D75681}.Release|x86.Build.0 = Release|Any CPU
		{354153BF-3CE9-4417-BDA4-D331C8D26676}.Debug|Any CPU.ActiveCfg = Debug|Any CPU
		{354153BF-3CE9-4417-BDA4-D331C8D26676}.Debug|Any CPU.Build.0 = Debug|Any CPU
		{354153BF-3CE9-4417-BDA4-D331C8D26676}.Debug|x64.ActiveCfg = Debug|Any CPU
		{354153BF-3CE9-4417-BDA4-D331C8D26676}.Debug|x64.Build.0 = Debug|Any CPU
		{354153BF-3CE9-4417-BDA4-D331C8D26676}.Debug|x86.ActiveCfg = Debug|Any CPU
		{354153BF-3CE9-4417-BDA4-D331C8D26676}.Debug|x86.Build.0 = Debug|Any CPU
		{354153BF-3CE9-4417-BDA4-D331C8D26676}.Release|Any CPU.ActiveCfg = Release|Any CPU
		{354153BF-3CE9-4417-BDA4-D331C8D26676}.Release|Any CPU.Build.0 = Release|Any CPU
		{354153BF-3CE9-4417-BDA4-D331C8D26676}.Release|x64.ActiveCfg = Release|Any CPU
		{354153BF-3CE9-4417-BDA4-D331C8D26676}.Release|x64.Build.0 = Release|Any CPU
		{354153BF-3CE9-4417-BDA4-D331C8D26676}.Release|x86.ActiveCfg = Release|Any CPU
		{354153BF-3CE9-4417-BDA4-D331C8D26676}.Release|x86.Build.0 = Release|Any CPU
		{2F44BE04-8569-4DFC-AF08-309A2D47D5B8}.Debug|Any CPU.ActiveCfg = Debug|Any CPU
		{2F44BE04-8569-4DFC-AF08-309A2D47D5B8}.Debug|Any CPU.Build.0 = Debug|Any CPU
		{2F44BE04-8569-4DFC-AF08-309A2D47D5B8}.Debug|x64.ActiveCfg = Debug|Any CPU
		{2F44BE04-8569-4DFC-AF08-309A2D47D5B8}.Debug|x64.Build.0 = Debug|Any CPU
		{2F44BE04-8569-4DFC-AF08-309A2D47D5B8}.Debug|x86.ActiveCfg = Debug|Any CPU
		{2F44BE04-8569-4DFC-AF08-309A2D47D5B8}.Debug|x86.Build.0 = Debug|Any CPU
		{2F44BE04-8569-4DFC-AF08-309A2D47D5B8}.Release|Any CPU.ActiveCfg = Release|Any CPU
		{2F44BE04-8569-4DFC-AF08-309A2D47D5B8}.Release|Any CPU.Build.0 = Release|Any CPU
		{2F44BE04-8569-4DFC-AF08-309A2D47D5B8}.Release|x64.ActiveCfg = Release|Any CPU
		{2F44BE04-8569-4DFC-AF08-309A2D47D5B8}.Release|x64.Build.0 = Release|Any CPU
		{2F44BE04-8569-4DFC-AF08-309A2D47D5B8}.Release|x86.ActiveCfg = Release|Any CPU
		{2F44BE04-8569-4DFC-AF08-309A2D47D5B8}.Release|x86.Build.0 = Release|Any CPU
	EndGlobalSection
	GlobalSection(SolutionProperties) = preSolution
		HideSolutionNode = FALSE
	EndGlobalSection
EndGlobal
